
Microsoft Visual Studio Solution File, Format Version 12.00
# Visual Studio Version 17
VisualStudioVersion = 17.7.34221.43
MinimumVisualStudioVersion = 10.0.40219.1
Project("{9A19103F-16F7-4668-BE54-9A1E7A4F7556}") = "SHA1CertChecker.Shared", "SHA1CertChecker.Shared\SHA1CertChecker.Shared.csproj", "{7A5FCA50-5E4A-4EC7-A67D-E34DD55BED63}"
EndProject
Project("{9A19103F-16F7-4668-BE54-9A1E7A4F7556}") = "SHA1CertChecker.Cmd", "SHA1CertChecker.Cmd\SHA1CertChecker.Cmd.csproj", "{7E08BF58-BC6A-4E62-A05C-23466E34CB0E}"
EndProject
Project("{9A19103F-16F7-4668-BE54-9A1E7A4F7556}") = "SHA1CertChecker.Tests", "SHA1CertChecker.Tests\SHA1CertChecker.Tests.csproj", "{21F5C8DA-6A14-4378-A9BC-78E6DAC1C0FF}"
EndProject
Project("{9A19103F-16F7-4668-BE54-9A1E7A4F7556}") = "SHA1CertChecker.Function", "SHA1CertChecker.Function\SHA1CertChecker.Function.csproj", "{E92975D7-79EF-4B6F-B0D5-A6FBC7B9F325}"
EndProject
Global
	GlobalSection(SolutionConfigurationPlatforms) = preSolution
		Debug|Any CPU = Debug|Any CPU
		Debug|x64 = Debug|x64
		Release|Any CPU = Release|Any CPU
		Release|x64 = Release|x64
	EndGlobalSection
	GlobalSection(ProjectConfigurationPlatforms) = postSolution
		{7A5FCA50-5E4A-4EC7-A67D-E34DD55BED63}.Debug|Any CPU.ActiveCfg = Debug|Any CPU
		{7A5FCA50-5E4A-4EC7-A67D-E34DD55BED63}.Debug|Any CPU.Build.0 = Debug|Any CPU
		{7A5FCA50-5E4A-4EC7-A67D-E34DD55BED63}.Debug|x64.ActiveCfg = Debug|x64
		{7A5FCA50-5E4A-4EC7-A67D-E34DD55BED63}.Debug|x64.Build.0 = Debug|x64
		{7A5FCA50-5E4A-4EC7-A67D-E34DD55BED63}.Release|Any CPU.ActiveCfg = Release|Any CPU
		{7A5FCA50-5E4A-4EC7-A67D-E34DD55BED63}.Release|Any CPU.Build.0 = Release|Any CPU
		{7A5FCA50-5E4A-4EC7-A67D-E34DD55BED63}.Release|x64.ActiveCfg = Release|x64
		{7A5FCA50-5E4A-4EC7-A67D-E34DD55BED63}.Release|x64.Build.0 = Release|x64
		{7E08BF58-BC6A-4E62-A05C-23466E34CB0E}.Debug|Any CPU.ActiveCfg = Debug|Any CPU
		{7E08BF58-BC6A-4E62-A05C-23466E34CB0E}.Debug|Any CPU.Build.0 = Debug|Any CPU
		{7E08BF58-BC6A-4E62-A05C-23466E34CB0E}.Debug|x64.ActiveCfg = Debug|x64
		{7E08BF58-BC6A-4E62-A05C-23466E34CB0E}.Debug|x64.Build.0 = Debug|x64
		{7E08BF58-BC6A-4E62-A05C-23466E34CB0E}.Release|Any CPU.ActiveCfg = Release|Any CPU
		{7E08BF58-BC6A-4E62-A05C-23466E34CB0E}.Release|Any CPU.Build.0 = Release|Any CPU
		{7E08BF58-BC6A-4E62-A05C-23466E34CB0E}.Release|x64.ActiveCfg = Release|x64
		{7E08BF58-BC6A-4E62-A05C-23466E34CB0E}.Release|x64.Build.0 = Release|x64
		{21F5C8DA-6A14-4378-A9BC-78E6DAC1C0FF}.Debug|Any CPU.ActiveCfg = Debug|Any CPU
		{21F5C8DA-6A14-4378-A9BC-78E6DAC1C0FF}.Debug|Any CPU.Build.0 = Debug|Any CPU
		{21F5C8DA-6A14-4378-A9BC-78E6DAC1C0FF}.Debug|x64.ActiveCfg = Debug|x64
		{21F5C8DA-6A14-4378-A9BC-78E6DAC1C0FF}.Debug|x64.Build.0 = Debug|x64
		{21F5C8DA-6A14-4378-A9BC-78E6DAC1C0FF}.Release|Any CPU.ActiveCfg = Release|Any CPU
		{21F5C8DA-6A14-4378-A9BC-78E6DAC1C0FF}.Release|Any CPU.Build.0 = Release|Any CPU
		{21F5C8DA-6A14-4378-A9BC-78E6DAC1C0FF}.Release|x64.ActiveCfg = Release|x64
		{21F5C8DA-6A14-4378-A9BC-78E6DAC1C0FF}.Release|x64.Build.0 = Release|x64
		{E92975D7-79EF-4B6F-B0D5-A6FBC7B9F325}.Debug|Any CPU.ActiveCfg = Debug|Any CPU
		{E92975D7-79EF-4B6F-B0D5-A6FBC7B9F325}.Debug|Any CPU.Build.0 = Debug|Any CPU
		{E92975D7-79EF-4B6F-B0D5-A6FBC7B9F325}.Debug|x64.ActiveCfg = Debug|x64
		{E92975D7-79EF-4B6F-B0D5-A6FBC7B9F325}.Debug|x64.Build.0 = Debug|x64
		{E92975D7-79EF-4B6F-B0D5-A6FBC7B9F325}.Release|Any CPU.ActiveCfg = Release|Any CPU
		{E92975D7-79EF-4B6F-B0D5-A6FBC7B9F325}.Release|Any CPU.Build.0 = Release|Any CPU
		{E92975D7-79EF-4B6F-B0D5-A6FBC7B9F325}.Release|x64.ActiveCfg = Release|x64
		{E92975D7-79EF-4B6F-B0D5-A6FBC7B9F325}.Release|x64.Build.0 = Release|x64
	EndGlobalSection
	GlobalSection(SolutionProperties) = preSolution
		HideSolutionNode = FALSE
	EndGlobalSection
	GlobalSection(ExtensibilityGlobals) = postSolution
		SolutionGuid = {46B942B7-9C37-4F7C-AD49-2242CF9E191B}
	EndGlobalSection
EndGlobal
